
Microsoft Visual Studio Solution File, Format Version 12.00
# Visual Studio Version 16
VisualStudioVersion = 16.0.32929.386
MinimumVisualStudioVersion = 10.0.40219.1
Project("{FAE04EC0-301F-11D3-BF4B-00C04F79EFBC}") = "Mvc Web Proje", "Mvc Web Proje\Mvc Web Proje.csproj", "{5F32F447-9E23-476B-84E7-FBA8794AB489}"
EndProject
Global
	GlobalSection(SolutionConfigurationPlatforms) = preSolution
		Debug|Any CPU = Debug|Any CPU
		Release|Any CPU = Release|Any CPU
	EndGlobalSection
	GlobalSection(ProjectConfigurationPlatforms) = postSolution
		{5F32F447-9E23-476B-84E7-FBA8794AB489}.Debug|Any CPU.ActiveCfg = Debug|Any CPU
		{5F32F447-9E23-476B-84E7-FBA8794AB489}.Debug|Any CPU.Build.0 = Debug|Any CPU
		{5F32F447-9E23-476B-84E7-FBA8794AB489}.Release|Any CPU.ActiveCfg = Release|Any CPU
		{5F32F447-9E23-476B-84E7-FBA8794AB489}.Release|Any CPU.Build.0 = Release|Any CPU
	EndGlobalSection
	GlobalSection(SolutionProperties) = preSolution
		HideSolutionNode = FALSE
	EndGlobalSection
	GlobalSection(ExtensibilityGlobals) = postSolution
		SolutionGuid = {962A0104-C985-4A38-BCF3-C3B44A8F0BAC}
	EndGlobalSection
EndGlobal
